PODS:
  - ad_uikit_flutter (0.0.1):
    - Flutter
  - Flutter (1.0.0)

DEPENDENCIES:
  - ad_uikit_flutter (from `.symlinks/plugins/ad_uikit_flutter/ios`)
  - Flutter (from `Flutter`)

EXTERNAL SOURCES:
  ad_uikit_flutter:
    :path: ".symlinks/plugins/ad_uikit_flutter/ios"
  Flutter:
    :path: Flutter

SPEC CHECKSUMS:
  ad_uikit_flutter: 15455029945d06c2268a2ae9a8baf981b7af93a7
  Flutter: 50d75fe2f02b26cc09d224853bb45737f8b3214a

PODFILE CHECKSUM: 8e679eca47255a8ca8067c4c67aab20e64cb974d

COCOAPODS: 1.11.3
